{
  "name": "Cloudaura_Front",
  "lockfileVersion": 3,
  "requires": true,
  "packages": {
    "": {
      "dependencies": {
        "@stripe/stripe-js": "^9.0.0"
      }
    },
    "node_modules/@stripe/stripe-js": {
      "version": "9.0.0",
      "resolved": "https://registry.npmjs.org/@stripe/stripe-js/-/stripe-js-9.0.0.tgz",
      "integrity": "sha512-UtUK7LFglQSNVIOwcRBaxfzq4wkfU8CT2f2uQVEeu65jTP6wicxFshYdYCke9Tfd0PCxhOe/b8rwJjr5EiDCfQ==",
      "license": "MIT",
      "engines": {
        "node": ">=12.16"
      }
    }
  }
}
